
Microsoft Visual Studio Solution File, Format Version 12.00
# Visual Studio Version 16
VisualStudioVersion = 16.0.31129.286
MinimumVisualStudioVersion = 10.0.40219.1
Project("{9A19103F-16F7-4668-BE54-9A1E7A4F7556}") = "ProductAPI", "ProductAPI\ProductAPI.csproj", "{C8C05A70-BA05-43ED-9522-3E0861BC61AF}"
EndProject
Global
	GlobalSection(SolutionConfigurationPlatforms) = preSolution
		Debug|Any CPU = Debug|Any CPU
		Release|Any CPU = Release|Any CPU
	EndGlobalSection
	GlobalSection(ProjectConfigurationPlatforms) = postSolution
		{C8C05A70-BA05-43ED-9522-3E0861BC61AF}.Debug|Any CPU.ActiveCfg = Debug|Any CPU
		{C8C05A70-BA05-43ED-9522-3E0861BC61AF}.Debug|Any CPU.Build.0 = Debug|Any CPU
		{C8C05A70-BA05-43ED-9522-3E0861BC61AF}.Release|Any CPU.ActiveCfg = Release|Any CPU
		{C8C05A70-BA05-43ED-9522-3E0861BC61AF}.Release|Any CPU.Build.0 = Release|Any CPU
	EndGlobalSection
	GlobalSection(SolutionProperties) = preSolution
		HideSolutionNode = FALSE
	EndGlobalSection
	GlobalSection(ExtensibilityGlobals) = postSolution
		SolutionGuid = {817562C5-DBA0-434E-9BF4-7F9F4738EA43}
	EndGlobalSection
EndGlobal
